
Microsoft Visual Studio Solution File, Format Version 12.00
# Visual Studio 2013
VisualStudioVersion = 12.0.21005.1
MinimumVisualStudioVersion = 10.0.40219.1
Project("{FAE04EC0-301F-11D3-BF4B-00C04F79EFBC}") = "APS.NUnit.Ext", "APS.NUnit.Ext\APS.NUnit.Ext.csproj", "{F27A8599-12B7-4D17-AD48-FC68FE7FC862}"
EndProject
Project("{FAE04EC0-301F-11D3-BF4B-00C04F79EFBC}") = "APS.NUnit.Ext.Tests", "APS.NUnit.Ext.Tests\APS.NUnit.Ext.Tests.csproj", "{24E0F088-CE54-4FA3-BA5E-BA449433880A}"
EndProject
Global
	GlobalSection(SolutionConfigurationPlatforms) = preSolution
		Debug|Any CPU = Debug|Any CPU
		Release|Any CPU = Release|Any CPU
	EndGlobalSection
	GlobalSection(ProjectConfigurationPlatforms) = postSolution
		{F27A8599-12B7-4D17-AD48-FC68FE7FC862}.Debug|Any CPU.ActiveCfg = Debug|Any CPU
		{F27A8599-12B7-4D17-AD48-FC68FE7FC862}.Debug|Any CPU.Build.0 = Debug|Any CPU
		{F27A8599-12B7-4D17-AD48-FC68FE7FC862}.Release|Any CPU.ActiveCfg = Release|Any CPU
		{F27A8599-12B7-4D17-AD48-FC68FE7FC862}.Release|Any CPU.Build.0 = Release|Any CPU
		{24E0F088-CE54-4FA3-BA5E-BA449433880A}.Debug|Any CPU.ActiveCfg = Debug|Any CPU
		{24E0F088-CE54-4FA3-BA5E-BA449433880A}.Debug|Any CPU.Build.0 = Debug|Any CPU
		{24E0F088-CE54-4FA3-BA5E-BA449433880A}.Release|Any CPU.ActiveCfg = Release|Any CPU
		{24E0F088-CE54-4FA3-BA5E-BA449433880A}.Release|Any CPU.Build.0 = Release|Any CPU
	EndGlobalSection
	GlobalSection(SolutionProperties) = preSolution
		HideSolutionNode = FALSE
	EndGlobalSection
EndGlobal
